
Microsoft Visual Studio Solution File, Format Version 12.00
# Visual Studio 15
VisualStudioVersion = 15.0.26730.10
MinimumVisualStudioVersion = 10.0.40219.1
Project("{9A19103F-16F7-4668-BE54-9A1E7A4F7556}") = "Algorithms", "Algorithms\Algorithms.csproj", "{34ACDAE4-8D28-49AE-9848-DEF3D912A343}"
EndProject
Project("{9A19103F-16F7-4668-BE54-9A1E7A4F7556}") = "AlgorithmsTest", "AlgorithmsTest\AlgorithmsTest.csproj", "{BC73B023-4F30-4A9E-8DDF-D8CA9E56CA95}"
EndProject
Project("{9A19103F-16F7-4668-BE54-9A1E7A4F7556}") = "DataStructures", "DataStructures\DataStructures.csproj", "{37F49E60-32B9-4AAC-AF31-63FF1F3608CE}"
EndProject
Global
	GlobalSection(SolutionConfigurationPlatforms) = preSolution
		Debug|Any CPU = Debug|Any CPU
		Debug|ARM = Debug|ARM
		Debug|x64 = Debug|x64
		Debug|x86 = Debug|x86
		Release|Any CPU = Release|Any CPU
		Release|ARM = Release|ARM
		Release|x64 = Release|x64
		Release|x86 = Release|x86
	EndGlobalSection
	GlobalSection(ProjectConfigurationPlatforms) = postSolution
		{34ACDAE4-8D28-49AE-9848-DEF3D912A343}.Debug|Any CPU.ActiveCfg = Debug|Any CPU
		{34ACDAE4-8D28-49AE-9848-DEF3D912A343}.Debug|Any CPU.Build.0 = Debug|Any CPU
		{34ACDAE4-8D28-49AE-9848-DEF3D912A343}.Debug|ARM.ActiveCfg = Debug|Any CPU
		{34ACDAE4-8D28-49AE-9848-DEF3D912A343}.Debug|ARM.Build.0 = Debug|Any CPU
		{34ACDAE4-8D28-49AE-9848-DEF3D912A343}.Debug|x64.ActiveCfg = Debug|Any CPU
		{34ACDAE4-8D28-49AE-9848-DEF3D912A343}.Debug|x64.Build.0 = Debug|Any CPU
		{34ACDAE4-8D28-49AE-9848-DEF3D912A343}.Debug|x86.ActiveCfg = Debug|Any CPU
		{34ACDAE4-8D28-49AE-9848-DEF3D912A343}.Debug|x86.Build.0 = Debug|Any CPU
		{34ACDAE4-8D28-49AE-9848-DEF3D912A343}.Release|Any CPU.ActiveCfg = Release|Any CPU
		{34ACDAE4-8D28-49AE-9848-DEF3D912A343}.Release|Any CPU.Build.0 = Release|Any CPU
		{34ACDAE4-8D28-49AE-9848-DEF3D912A343}.Release|ARM.ActiveCfg = Release|Any CPU
		{34ACDAE4-8D28-49AE-9848-DEF3D912A343}.Release|ARM.Build.0 = Release|Any CPU
		{34ACDAE4-8D28-49AE-9848-DEF3D912A343}.Release|x64.ActiveCfg = Release|Any CPU
		{34ACDAE4-8D28-49AE-9848-DEF3D912A343}.Release|x64.Build.0 = Release|Any CPU
		{34ACDAE4-8D28-49AE-9848-DEF3D912A343}.Release|x86.ActiveCfg = Release|Any CPU
		{34ACDAE4-8D28-49AE-9848-DEF3D912A343}.Release|x86.Build.0 = Release|Any CPU
		{BC73B023-4F30-4A9E-8DDF-D8CA9E56CA95}.Debug|Any CPU.ActiveCfg = Debug|Any CPU
		{BC73B023-4F30-4A9E-8DDF-D8CA9E56CA95}.Debug|Any CPU.Build.0 = Debug|Any CPU
		{BC73B023-4F30-4A9E-8DDF-D8CA9E56CA95}.Debug|ARM.ActiveCfg = Debug|Any CPU
		{BC73B023-4F30-4A9E-8DDF-D8CA9E56CA95}.Debug|ARM.Build.0 = Debug|Any CPU
		{BC73B023-4F30-4A9E-8DDF-D8CA9E56CA95}.Debug|x64.ActiveCfg = Debug|Any CPU
		{BC73B023-4F30-4A9E-8DDF-D8CA9E56CA95}.Debug|x64.Build.0 = Debug|Any CPU
		{BC73B023-4F30-4A9E-8DDF-D8CA9E56CA95}.Debug|x86.ActiveCfg = Debug|Any CPU
		{BC73B023-4F30-4A9E-8DDF-D8CA9E56CA95}.Debug|x86.Build.0 = Debug|Any CPU
		{BC73B023-4F30-4A9E-8DDF-D8CA9E56CA95}.Release|Any CPU.ActiveCfg = Release|Any CPU
		{BC73B023-4F30-4A9E-8DDF-D8CA9E56CA95}.Release|Any CPU.Build.0 = Release|Any CPU
		{BC73B023-4F30-4A9E-8DDF-D8CA9E56CA95}.Release|ARM.ActiveCfg = Release|Any CPU
		{BC73B023-4F30-4A9E-8DDF-D8CA9E56CA95}.Release|ARM.Build.0 = Release|Any CPU
		{BC73B023-4F30-4A9E-8DDF-D8CA9E56CA95}.Release|x64.ActiveCfg = Release|Any CPU
		{BC73B023-4F30-4A9E-8DDF-D8CA9E56CA95}.Release|x64.Build.0 = Release|Any CPU
		{BC73B023-4F30-4A9E-8DDF-D8CA9E56CA95}.Release|x86.ActiveCfg = Release|Any CPU
		{BC73B023-4F30-4A9E-8DDF-D8CA9E56CA95}.Release|x86.Build.0 = Release|Any CPU
		{37F49E60-32B9-4AAC-AF31-63FF1F3608CE}.Debug|Any CPU.ActiveCfg = Debug|Any CPU
		{37F49E60-32B9-4AAC-AF31-63FF1F3608CE}.Debug|Any CPU.Build.0 = Debug|Any CPU
		{37F49E60-32B9-4AAC-AF31-63FF1F3608CE}.Debug|ARM.ActiveCfg = Debug|Any CPU
		{37F49E60-32B9-4AAC-AF31-63FF1F3608CE}.Debug|ARM.Build.0 = Debug|Any CPU
		{37F49E60-32B9-4AAC-AF31-63FF1F3608CE}.Debug|x64.ActiveCfg = Debug|Any CPU
		{37F49E60-32B9-4AAC-AF31-63FF1F3608CE}.Debug|x64.Build.0 = Debug|Any CPU
		{37F49E60-32B9-4AAC-AF31-63FF1F3608CE}.Debug|x86.ActiveCfg = Debug|Any CPU
		{37F49E60-32B9-4AAC-AF31-63FF1F3608CE}.Debug|x86.Build.0 = Debug|Any CPU
		{37F49E60-32B9-4AAC-AF31-63FF1F3608CE}.Release|Any CPU.ActiveCfg = Release|Any CPU
		{37F49E60-32B9-4AAC-AF31-63FF1F3608CE}.Release|Any CPU.Build.0 = Release|Any CPU
		{37F49E60-32B9-4AAC-AF31-63FF1F3608CE}.Release|ARM.ActiveCfg = Release|Any CPU
		{37F49E60-32B9-4AAC-AF31-63FF1F3608CE}.Release|ARM.Build.0 = Release|Any CPU
		{37F49E60-32B9-4AAC-AF31-63FF1F3608CE}.Release|x64.ActiveCfg = Release|Any CPU
		{37F49E60-32B9-4AAC-AF31-63FF1F3608CE}.Release|x64.Build.0 = Release|Any CPU
		{37F49E60-32B9-4AAC-AF31-63FF1F3608CE}.Release|x86.ActiveCfg = Release|Any CPU
		{37F49E60-32B9-4AAC-AF31-63FF1F3608CE}.Release|x86.Build.0 = Release|Any CPU
	EndGlobalSection
	GlobalSection(SolutionProperties) = preSolution
		HideSolutionNode = FALSE
	EndGlobalSection
	GlobalSection(ExtensibilityGlobals) = postSolution
		SolutionGuid = {F2C3A11D-E6CE-4B0E-B361-08C630A2807F}
	EndGlobalSection
EndGlobal
